
Microsoft Visual Studio Solution File, Format Version 12.00
# Visual Studio 2013
VisualStudioVersion = 12.0.31101.0
MinimumVisualStudioVersion = 10.0.40219.1
Project("{FAE04EC0-301F-11D3-BF4B-00C04F79EFBC}") = "WheatstoneCode", "WheatstoneCode\WheatstoneCode.csproj", "{857F108B-093D-4278-9638-7AB32974A09D}"
EndProject
Project("{FAE04EC0-301F-11D3-BF4B-00C04F79EFBC}") = "ServerApp", "WheatstoneCode\ServerApp\ServerApp.csproj", "{944B77FC-13C9-4930-8369-1E4FEEB20770}"
EndProject
Global
	GlobalSection(SolutionConfigurationPlatforms) = preSolution
		Debug|Any CPU = Debug|Any CPU
		Release|Any CPU = Release|Any CPU
	EndGlobalSection
	GlobalSection(ProjectConfigurationPlatforms) = postSolution
		{857F108B-093D-4278-9638-7AB32974A09D}.Debug|Any CPU.ActiveCfg = Debug|Any CPU
		{857F108B-093D-4278-9638-7AB32974A09D}.Debug|Any CPU.Build.0 = Debug|Any CPU
		{857F108B-093D-4278-9638-7AB32974A09D}.Release|Any CPU.ActiveCfg = Release|Any CPU
		{857F108B-093D-4278-9638-7AB32974A09D}.Release|Any CPU.Build.0 = Release|Any CPU
		{944B77FC-13C9-4930-8369-1E4FEEB20770}.Debug|Any CPU.ActiveCfg = Debug|Any CPU
		{944B77FC-13C9-4930-8369-1E4FEEB20770}.Debug|Any CPU.Build.0 = Debug|Any CPU
		{944B77FC-13C9-4930-8369-1E4FEEB20770}.Release|Any CPU.ActiveCfg = Release|Any CPU
		{944B77FC-13C9-4930-8369-1E4FEEB20770}.Release|Any CPU.Build.0 = Release|Any CPU
	EndGlobalSection
	GlobalSection(SolutionProperties) = preSolution
		HideSolutionNode = FALSE
	EndGlobalSection
EndGlobal
